
Microsoft Visual Studio Solution File, Format Version 12.00
# Visual Studio Version 17
VisualStudioVersion = 17.10.34916.146
MinimumVisualStudioVersion = 10.0.40219.1
Project("{FAE04EC0-301F-11D3-BF4B-00C04F79EFBC}") = "PetStoreApp", "PetStoreApp.csproj", "{9FA5525E-C86F-41E0-9348-91F6FF1DC576}"
EndProject
Global
	GlobalSection(SolutionConfigurationPlatforms) = preSolution
		Debug|Any CPU = Debug|Any CPU
		Release|Any CPU = Release|Any CPU
	EndGlobalSection
	GlobalSection(ProjectConfigurationPlatforms) = postSolution
		{9FA5525E-C86F-41E0-9348-91F6FF1DC576}.Debug|Any CPU.ActiveCfg = Debug|Any CPU
		{9FA5525E-C86F-41E0-9348-91F6FF1DC576}.Debug|Any CPU.Build.0 = Debug|Any CPU
		{9FA5525E-C86F-41E0-9348-91F6FF1DC576}.Release|Any CPU.ActiveCfg = Release|Any CPU
		{9FA5525E-C86F-41E0-9348-91F6FF1DC576}.Release|Any CPU.Build.0 = Release|Any CPU
	EndGlobalSection
	GlobalSection(SolutionProperties) = preSolution
		HideSolutionNode = FALSE
	EndGlobalSection
	GlobalSection(ExtensibilityGlobals) = postSolution
		SolutionGuid = {933E3FB4-7A5B-4627-9ED7-63CCB4E516B3}
	EndGlobalSection
EndGlobal
